
Microsoft Visual Studio Solution File, Format Version 12.00
# Visual Studio 15
VisualStudioVersion = 15.0.27729.1
MinimumVisualStudioVersion = 10.0.40219.1
Project("{9A19103F-16F7-4668-BE54-9A1E7A4F7556}") = "TelScraper", "TelScraper\TelScraper.csproj", "{C786DC7D-D373-46F8-B53D-2E82EAE84A36}"
EndProject
Project("{FAE04EC0-301F-11D3-BF4B-00C04F79EFBC}") = "TelScraper.Test", "TelScraper.Test\TelScraper.Test.csproj", "{1E2BE408-A6C8-4ED8-A0DB-3B0C7354A5CE}"
EndProject
Global
	GlobalSection(SolutionConfigurationPlatforms) = preSolution
		Debug|Any CPU = Debug|Any CPU
		Release|Any CPU = Release|Any CPU
	EndGlobalSection
	GlobalSection(ProjectConfigurationPlatforms) = postSolution
		{C786DC7D-D373-46F8-B53D-2E82EAE84A36}.Debug|Any CPU.ActiveCfg = Debug|Any CPU
		{C786DC7D-D373-46F8-B53D-2E82EAE84A36}.Debug|Any CPU.Build.0 = Debug|Any CPU
		{C786DC7D-D373-46F8-B53D-2E82EAE84A36}.Release|Any CPU.ActiveCfg = Release|Any CPU
		{C786DC7D-D373-46F8-B53D-2E82EAE84A36}.Release|Any CPU.Build.0 = Release|Any CPU
		{1E2BE408-A6C8-4ED8-A0DB-3B0C7354A5CE}.Debug|Any CPU.ActiveCfg = Debug|Any CPU
		{1E2BE408-A6C8-4ED8-A0DB-3B0C7354A5CE}.Debug|Any CPU.Build.0 = Debug|Any CPU
		{1E2BE408-A6C8-4ED8-A0DB-3B0C7354A5CE}.Release|Any CPU.ActiveCfg = Release|Any CPU
		{1E2BE408-A6C8-4ED8-A0DB-3B0C7354A5CE}.Release|Any CPU.Build.0 = Release|Any CPU
	EndGlobalSection
	GlobalSection(SolutionProperties) = preSolution
		HideSolutionNode = FALSE
	EndGlobalSection
	GlobalSection(ExtensibilityGlobals) = postSolution
		SolutionGuid = {881A3AA2-B7C1-4BC6-B21C-3A4DE04AED81}
	EndGlobalSection
EndGlobal
